
Microsoft Visual Studio Solution File, Format Version 12.00
# Visual Studio Version 16
VisualStudioVersion = 16.0.29306.81
MinimumVisualStudioVersion = 10.0.40219.1
Project("{8BC9CEB8-8B4A-11D0-8D11-00A0C91BC942}") = "First", "First\First.vcxproj", "{D7DEEC1F-8F67-483C-86FD-942765117A64}"
EndProject
Project("{8BC9CEB8-8B4A-11D0-8D11-00A0C91BC942}") = "TextOut", "TextOut\TextOut.vcxproj", "{15689EEB-93C2-4CA6-8C28-0AE0D3F3BC9B}"
EndProject
Project("{8BC9CEB8-8B4A-11D0-8D11-00A0C91BC942}") = "DrawText", "DrawText\DrawText.vcxproj", "{B57EA901-1C88-4181-B362-2DE0A9E9AA97}"
EndProject
Project("{8BC9CEB8-8B4A-11D0-8D11-00A0C91BC942}") = "GraphOut", "GraphOut\GraphOut.vcxproj", "{401CAFF2-7A4A-4A1A-831F-61FF342931BE}"
EndProject
Project("{8BC9CEB8-8B4A-11D0-8D11-00A0C91BC942}") = "MessageBox", "MessageBox\MessageBox.vcxproj", "{BA54DB93-8514-4288-886C-0F3D8ACEB5E3}"
EndProject
Project("{8BC9CEB8-8B4A-11D0-8D11-00A0C91BC942}") = "Key", "Key\Key.vcxproj", "{39177542-8C92-4F07-B68D-79642BDCFF98}"
EndProject
Project("{8BC9CEB8-8B4A-11D0-8D11-00A0C91BC942}") = "KeyDown", "KeyDown\KeyDown.vcxproj", "{677597E5-AB71-4AD9-928B-AAE80A807885}"
EndProject
Project("{8BC9CEB8-8B4A-11D0-8D11-00A0C91BC942}") = "Mouse", "Mouse\Mouse.vcxproj", "{3694448D-E8B2-44EC-8475-6BA9BDF5B913}"
EndProject
Project("{8BC9CEB8-8B4A-11D0-8D11-00A0C91BC942}") = "MyTimer", "MyTimer\MyTimer.vcxproj", "{B6B35462-A3D2-4D05-B23B-054457A00D06}"
EndProject
Project("{8BC9CEB8-8B4A-11D0-8D11-00A0C91BC942}") = "TwoTimer", "TwoTimer\TwoTimer.vcxproj", "{9FE6A1F7-9EB1-42D4-9FEA-15482326A198}"
EndProject
Project("{8BC9CEB8-8B4A-11D0-8D11-00A0C91BC942}") = "RandGrp", "RandGrp\RandGrp.vcxproj", "{AE10FF52-AE7C-4589-9252-8DCFC3E35456}"
EndProject
Project("{8BC9CEB8-8B4A-11D0-8D11-00A0C91BC942}") = "CallBack", "CallBack\CallBack.vcxproj", "{95283A0B-A633-42CC-A09C-8543DEFFD2C3}"
EndProject
Project("{8BC9CEB8-8B4A-11D0-8D11-00A0C91BC942}") = "OnceTimer", "OnceTimer\OnceTimer.vcxproj", "{AC5171A6-F4D5-46CF-AC57-93E3C050774E}"
EndProject
Project("{8BC9CEB8-8B4A-11D0-8D11-00A0C91BC942}") = "TimerText", "TimerText\TimerText.vcxproj", "{E88A9158-4427-4505-86E1-95932BBE5907}"
EndProject
Project("{8BC9CEB8-8B4A-11D0-8D11-00A0C91BC942}") = "WmCreate", "WmCreate\WmCreate.vcxproj", "{6F561225-94E8-4C26-B3CF-DA6A8D9AA75A}"
EndProject
Project("{8BC9CEB8-8B4A-11D0-8D11-00A0C91BC942}") = "Client", "Client\Client.vcxproj", "{02AAA7DA-B994-4A4E-AA21-4948CE023D2C}"
EndProject
Project("{8BC9CEB8-8B4A-11D0-8D11-00A0C91BC942}") = "Menu", "Menu\Menu.vcxproj", "{DDF18747-E6DA-48F0-9DDE-A00902E09014}"
EndProject
Project("{8BC9CEB8-8B4A-11D0-8D11-00A0C91BC942}") = "StrTable", "StrTable\StrTable.vcxproj", "{D156C413-DFE8-4349-8A78-281779C6DC01}"
EndProject
Project("{8BC9CEB8-8B4A-11D0-8D11-00A0C91BC942}") = "ApiStart", "ApiStart\ApiStart.vcxproj", "{9C82721C-8B39-45B0-8E79-70873EB861AC}"
EndProject
Project("{8BC9CEB8-8B4A-11D0-8D11-00A0C91BC942}") = "AwPrj", "AwPrj\AwPrj.vcxproj", "{25D3A156-4259-4D72-9827-1A902C9E4D4B}"
EndProject
Project("{8BC9CEB8-8B4A-11D0-8D11-00A0C91BC942}") = "GdiObject", "GdiObject\GdiObject.vcxproj", "{19E1F426-540C-4108-9D53-2A988798A349}"
EndProject
Project("{8BC9CEB8-8B4A-11D0-8D11-00A0C91BC942}") = "OldObject", "OldObject\OldObject.vcxproj", "{E45CBBCC-53F8-4669-BE27-138F31133C69}"
EndProject
Project("{8BC9CEB8-8B4A-11D0-8D11-00A0C91BC942}") = "TransObject", "TransObject\TransObject.vcxproj", "{09B9275C-1D8A-4BCF-95F3-91751C23F1E8}"
EndProject
Project("{8BC9CEB8-8B4A-11D0-8D11-00A0C91BC942}") = "RopMode", "RopMode\RopMode.vcxproj", "{91FA687B-A266-446E-A399-DC9C206FB019}"
EndProject
Project("{8BC9CEB8-8B4A-11D0-8D11-00A0C91BC942}") = "RopMode2", "RopMode2\RopMode2.vcxproj", "{96FAE199-469A-469A-AE7D-A6E4AA888575}"
EndProject
Project("{8BC9CEB8-8B4A-11D0-8D11-00A0C91BC942}") = "Bitmap", "Bitmap\Bitmap.vcxproj", "{A8A19FF5-0D5E-48CF-95C6-7D1A7616BD68}"
EndProject
Project("{8BC9CEB8-8B4A-11D0-8D11-00A0C91BC942}") = "DrawBitmap", "DrawBitmap\DrawBitmap.vcxproj", "{99294212-B0AA-409F-A3E6-CE8A394DD673}"
EndProject
Project("{8BC9CEB8-8B4A-11D0-8D11-00A0C91BC942}") = "Font", "Font\Font.vcxproj", "{0075A460-E7D8-4C4A-BB98-569410E26AA6}"
EndProject
Project("{8BC9CEB8-8B4A-11D0-8D11-00A0C91BC942}") = "BkMode", "BkMode\BkMode.vcxproj", "{82D7C9B4-E0A2-478C-8F33-83ECAEF71A43}"
EndProject
Project("{8BC9CEB8-8B4A-11D0-8D11-00A0C91BC942}") = "TextRot", "TextRot\TextRot.vcxproj", "{A2EE3909-844A-4A73-B99A-03EF4B85A7E0}"
EndProject
Project("{8BC9CEB8-8B4A-11D0-8D11-00A0C91BC942}") = "Button", "Button\Button.vcxproj", "{DBC498D2-E1F7-443A-A14C-0C885E52AEB9}"
EndProject
Project("{8BC9CEB8-8B4A-11D0-8D11-00A0C91BC942}") = "Check", "Check\Check.vcxproj", "{F5E699B5-2182-4E00-95F4-F19BE254F4B2}"
EndProject
Project("{8BC9CEB8-8B4A-11D0-8D11-00A0C91BC942}") = "Radio", "Radio\Radio.vcxproj", "{D260B24D-3DC8-4A19-89FC-B84F701AB91F}"
EndProject
Project("{8BC9CEB8-8B4A-11D0-8D11-00A0C91BC942}") = "SimplePaint", "SimplePaint\SimplePaint.vcxproj", "{6A4EBA53-2ABB-475F-8225-011B03DB35EB}"
EndProject
Project("{8BC9CEB8-8B4A-11D0-8D11-00A0C91BC942}") = "ListBox", "ListBox\ListBox.vcxproj", "{E27073D4-BEB7-4C5B-8E03-952B3FD3373E}"
EndProject
Project("{8BC9CEB8-8B4A-11D0-8D11-00A0C91BC942}") = "DlgBase", "DlgBase\DlgBase.vcxproj", "{E04E8544-E6BF-4FE6-B024-FB6C4D1D5EEA}"
EndProject
Project("{8BC9CEB8-8B4A-11D0-8D11-00A0C91BC942}") = "InfoDlg", "InfoDlg\InfoDlg.vcxproj", "{59395F1D-481D-4EC6-AD78-852D533829D2}"
EndProject
Project("{8BC9CEB8-8B4A-11D0-8D11-00A0C91BC942}") = "DlgCheck", "DlgCheck\DlgCheck.vcxproj", "{3952BA16-4F51-4598-8EC4-3A1392612FA5}"
EndProject
Project("{8BC9CEB8-8B4A-11D0-8D11-00A0C91BC942}") = "ReadingCounter", "ReadingCounter\ReadingCounter.vcxproj", "{98128BC3-8FDB-4258-A0F9-F5BBDF89DD6D}"
EndProject
Project("{8BC9CEB8-8B4A-11D0-8D11-00A0C91BC942}") = "SimplePaint2", "SimplePaint2\SimplePaint2.vcxproj", "{A34AA1A1-DD84-4490-92E2-2457C1A05615}"
EndProject
Project("{8BC9CEB8-8B4A-11D0-8D11-00A0C91BC942}") = "Mless", "Mless\Mless.vcxproj", "{E36D26B0-EBEF-43C8-81E7-42F651EB78AA}"
EndProject
Project("{8BC9CEB8-8B4A-11D0-8D11-00A0C91BC942}") = "SimplePaint3", "SimplePaint3\SimplePaint3.vcxproj", "{CF1E0FB2-02CD-42D3-95FA-E0FBC94E2052}"
EndProject
Project("{8BC9CEB8-8B4A-11D0-8D11-00A0C91BC942}") = "Sokoban2", "Sokoban2\Sokoban2.vcxproj", "{AEFC80E8-364A-486B-9C2D-336DA18D258A}"
EndProject
Project("{8BC9CEB8-8B4A-11D0-8D11-00A0C91BC942}") = "Bounce", "Bounce\Bounce.vcxproj", "{64A86B58-FC52-4E8F-BD45-0B7FB67A315A}"
EndProject
Project("{8BC9CEB8-8B4A-11D0-8D11-00A0C91BC942}") = "Bounce2", "Bounce2\Bounce2.vcxproj", "{44F6167B-33AE-4842-A41A-81A1C190DF72}"
EndProject
Project("{8BC9CEB8-8B4A-11D0-8D11-00A0C91BC942}") = "Tetris3", "Tetris3\Tetris3.vcxproj", "{8B2E78C0-A4D5-4B34-A5DB-81A681CFB89E}"
EndProject
Project("{8BC9CEB8-8B4A-11D0-8D11-00A0C91BC942}") = "MFCExam", "MFCExam\MFCExam.vcxproj", "{67837AD2-F28A-4047-9BB0-FB6E7161B43A}"
EndProject
Project("{8BC9CEB8-8B4A-11D0-8D11-00A0C91BC942}") = "MFCKey", "MFCKey\MFCKey.vcxproj", "{4D6DEA3E-D0DA-4B61-9A8F-CDC1B130128E}"
EndProject
Project("{8BC9CEB8-8B4A-11D0-8D11-00A0C91BC942}") = "MFCInfoDlg", "MFCInfoDlg\MFCInfoDlg.vcxproj", "{D0A4F8A9-01B9-447D-AF74-F896636D2DEC}"
EndProject
Project("{8BC9CEB8-8B4A-11D0-8D11-00A0C91BC942}") = "ChildWnd", "ChildWnd\ChildWnd.vcxproj", "{3CD9BA2E-4C46-4FCB-8664-2AFDA0971190}"
EndProject
Project("{8BC9CEB8-8B4A-11D0-8D11-00A0C91BC942}") = "Childs", "Childs\Childs.vcxproj", "{655EBE37-E190-4B2C-92BA-3ECACC3669BA}"
EndProject
Project("{8BC9CEB8-8B4A-11D0-8D11-00A0C91BC942}") = "LCDTest", "LCDTest\LCDTest.vcxproj", "{BA304727-4E7A-41C7-9582-876CC1C1636E}"
EndProject
Project("{8BC9CEB8-8B4A-11D0-8D11-00A0C91BC942}") = "ChildWnd9", "ChildWnd9\ChildWnd9.vcxproj", "{8AE160C0-8EE1-47A0-AC6B-2AA8C29E8C12}"
EndProject
Project("{8BC9CEB8-8B4A-11D0-8D11-00A0C91BC942}") = "WndExtra", "WndExtra\WndExtra.vcxproj", "{FF7ADA32-FC64-436A-BB41-EF2605726415}"
EndProject
Project("{8BC9CEB8-8B4A-11D0-8D11-00A0C91BC942}") = "SetWindowPos", "SetWindowPos\SetWindowPos.vcxproj", "{A93F8706-7A66-439C-9C37-44B047441FB1}"
EndProject
Project("{8BC9CEB8-8B4A-11D0-8D11-00A0C91BC942}") = "DeferWindowPos", "DeferWindowPos\DeferWindowPos.vcxproj", "{314F99DF-6D3A-4F8C-BAE1-1B46FC8F6C52}"
EndProject
Global
	GlobalSection(SolutionConfigurationPlatforms) = preSolution
		Debug|x64 = Debug|x64
		Debug|x86 = Debug|x86
		Release|x64 = Release|x64
		Release|x86 = Release|x86
	EndGlobalSection
	GlobalSection(ProjectConfigurationPlatforms) = postSolution
		{D7DEEC1F-8F67-483C-86FD-942765117A64}.Debug|x64.ActiveCfg = Debug|x64
		{D7DEEC1F-8F67-483C-86FD-942765117A64}.Debug|x64.Build.0 = Debug|x64
		{D7DEEC1F-8F67-483C-86FD-942765117A64}.Debug|x86.ActiveCfg = Debug|Win32
		{D7DEEC1F-8F67-483C-86FD-942765117A64}.Debug|x86.Build.0 = Debug|Win32
		{D7DEEC1F-8F67-483C-86FD-942765117A64}.Release|x64.ActiveCfg = Release|x64
		{D7DEEC1F-8F67-483C-86FD-942765117A64}.Release|x64.Build.0 = Release|x64
		{D7DEEC1F-8F67-483C-86FD-942765117A64}.Release|x86.ActiveCfg = Release|Win32
		{D7DEEC1F-8F67-483C-86FD-942765117A64}.Release|x86.Build.0 = Release|Win32
		{15689EEB-93C2-4CA6-8C28-0AE0D3F3BC9B}.Debug|x64.ActiveCfg = Debug|x64
		{15689EEB-93C2-4CA6-8C28-0AE0D3F3BC9B}.Debug|x64.Build.0 = Debug|x64
		{15689EEB-93C2-4CA6-8C28-0AE0D3F3BC9B}.Debug|x86.ActiveCfg = Debug|Win32
		{15689EEB-93C2-4CA6-8C28-0AE0D3F3BC9B}.Debug|x86.Build.0 = Debug|Win32
		{15689EEB-93C2-4CA6-8C28-0AE0D3F3BC9B}.Release|x64.ActiveCfg = Release|x64
		{15689EEB-93C2-4CA6-8C28-0AE0D3F3BC9B}.Release|x64.Build.0 = Release|x64
		{15689EEB-93C2-4CA6-8C28-0AE0D3F3BC9B}.Release|x86.ActiveCfg = Release|Win32
		{15689EEB-93C2-4CA6-8C28-0AE0D3F3BC9B}.Release|x86.Build.0 = Release|Win32
		{B57EA901-1C88-4181-B362-2DE0A9E9AA97}.Debug|x64.ActiveCfg = Debug|x64
		{B57EA901-1C88-4181-B362-2DE0A9E9AA97}.Debug|x64.Build.0 = Debug|x64
		{B57EA901-1C88-4181-B362-2DE0A9E9AA97}.Debug|x86.ActiveCfg = Debug|Win32
		{B57EA901-1C88-4181-B362-2DE0A9E9AA97}.Debug|x86.Build.0 = Debug|Win32
		{B57EA901-1C88-4181-B362-2DE0A9E9AA97}.Release|x64.ActiveCfg = Release|x64
		{B57EA901-1C88-4181-B362-2DE0A9E9AA97}.Release|x64.Build.0 = Release|x64
		{B57EA901-1C88-4181-B362-2DE0A9E9AA97}.Release|x86.ActiveCfg = Release|Win32
		{B57EA901-1C88-4181-B362-2DE0A9E9AA97}.Release|x86.Build.0 = Release|Win32
		{401CAFF2-7A4A-4A1A-831F-61FF342931BE}.Debug|x64.ActiveCfg = Debug|x64
		{401CAFF2-7A4A-4A1A-831F-61FF342931BE}.Debug|x64.Build.0 = Debug|x64
		{401CAFF2-7A4A-4A1A-831F-61FF342931BE}.Debug|x86.ActiveCfg = Debug|Win32
		{401CAFF2-7A4A-4A1A-831F-61FF342931BE}.Debug|x86.Build.0 = Debug|Win32
		{401CAFF2-7A4A-4A1A-831F-61FF342931BE}.Release|x64.ActiveCfg = Release|x64
		{401CAFF2-7A4A-4A1A-831F-61FF342931BE}.Release|x64.Build.0 = Release|x64
		{401CAFF2-7A4A-4A1A-831F-61FF342931BE}.Release|x86.ActiveCfg = Release|Win32
		{401CAFF2-7A4A-4A1A-831F-61FF342931BE}.Release|x86.Build.0 = Release|Win32
		{BA54DB93-8514-4288-886C-0F3D8ACEB5E3}.Debug|x64.ActiveCfg = Debug|x64
		{BA54DB93-8514-4288-886C-0F3D8ACEB5E3}.Debug|x64.Build.0 = Debug|x64
		{BA54DB93-8514-4288-886C-0F3D8ACEB5E3}.Debug|x86.ActiveCfg = Debug|Win32
		{BA54DB93-8514-4288-886C-0F3D8ACEB5E3}.Debug|x86.Build.0 = Debug|Win32
		{BA54DB93-8514-4288-886C-0F3D8ACEB5E3}.Release|x64.ActiveCfg = Release|x64
		{BA54DB93-8514-4288-886C-0F3D8ACEB5E3}.Release|x64.Build.0 = Release|x64
		{BA54DB93-8514-4288-886C-0F3D8ACEB5E3}.Release|x86.ActiveCfg = Release|Win32
		{BA54DB93-8514-4288-886C-0F3D8ACEB5E3}.Release|x86.Build.0 = Release|Win32
		{39177542-8C92-4F07-B68D-79642BDCFF98}.Debug|x64.ActiveCfg = Debug|x64
		{39177542-8C92-4F07-B68D-79642BDCFF98}.Debug|x64.Build.0 = Debug|x64
		{39177542-8C92-4F07-B68D-79642BDCFF98}.Debug|x86.ActiveCfg = Debug|Win32
		{39177542-8C92-4F07-B68D-79642BDCFF98}.Debug|x86.Build.0 = Debug|Win32
		{39177542-8C92-4F07-B68D-79642BDCFF98}.Release|x64.ActiveCfg = Release|x64
		{39177542-8C92-4F07-B68D-79642BDCFF98}.Release|x64.Build.0 = Release|x64
		{39177542-8C92-4F07-B68D-79642BDCFF98}.Release|x86.ActiveCfg = Release|Win32
		{39177542-8C92-4F07-B68D-79642BDCFF98}.Release|x86.Build.0 = Release|Win32
		{677597E5-AB71-4AD9-928B-AAE80A807885}.Debug|x64.ActiveCfg = Debug|x64
		{677597E5-AB71-4AD9-928B-AAE80A807885}.Debug|x64.Build.0 = Debug|x64
		{677597E5-AB71-4AD9-928B-AAE80A807885}.Debug|x86.ActiveCfg = Debug|Win32
		{677597E5-AB71-4AD9-928B-AAE80A807885}.Debug|x86.Build.0 = Debug|Win32
		{677597E5-AB71-4AD9-928B-AAE80A807885}.Release|x64.ActiveCfg = Release|x64
		{677597E5-AB71-4AD9-928B-AAE80A807885}.Release|x64.Build.0 = Release|x64
		{677597E5-AB71-4AD9-928B-AAE80A807885}.Release|x86.ActiveCfg = Release|Win32
		{677597E5-AB71-4AD9-928B-AAE80A807885}.Release|x86.Build.0 = Release|Win32
		{3694448D-E8B2-44EC-8475-6BA9BDF5B913}.Debug|x64.ActiveCfg = Debug|x64
		{3694448D-E8B2-44EC-8475-6BA9BDF5B913}.Debug|x64.Build.0 = Debug|x64
		{3694448D-E8B2-44EC-8475-6BA9BDF5B913}.Debug|x86.ActiveCfg = Debug|Win32
		{3694448D-E8B2-44EC-8475-6BA9BDF5B913}.Debug|x86.Build.0 = Debug|Win32
		{3694448D-E8B2-44EC-8475-6BA9BDF5B913}.Release|x64.ActiveCfg = Release|x64
		{3694448D-E8B2-44EC-8475-6BA9BDF5B913}.Release|x64.Build.0 = Release|x64
		{3694448D-E8B2-44EC-8475-6BA9BDF5B913}.Release|x86.ActiveCfg = Release|Win32
		{3694448D-E8B2-44EC-8475-6BA9BDF5B913}.Release|x86.Build.0 = Release|Win32
		{B6B35462-A3D2-4D05-B23B-054457A00D06}.Debug|x64.ActiveCfg = Debug|x64
		{B6B35462-A3D2-4D05-B23B-054457A00D06}.Debug|x64.Build.0 = Debug|x64
		{B6B35462-A3D2-4D05-B23B-054457A00D06}.Debug|x86.ActiveCfg = Debug|Win32
		{B6B35462-A3D2-4D05-B23B-054457A00D06}.Debug|x86.Build.0 = Debug|Win32
		{B6B35462-A3D2-4D05-B23B-054457A00D06}.Release|x64.ActiveCfg = Release|x64
		{B6B35462-A3D2-4D05-B23B-054457A00D06}.Release|x64.Build.0 = Release|x64
		{B6B35462-A3D2-4D05-B23B-054457A00D06}.Release|x86.ActiveCfg = Release|Win32
		{B6B35462-A3D2-4D05-B23B-054457A00D06}.Release|x86.Build.0 = Release|Win32
		{9FE6A1F7-9EB1-42D4-9FEA-15482326A198}.Debug|x64.ActiveCfg = Debug|x64
		{9FE6A1F7-9EB1-42D4-9FEA-15482326A198}.Debug|x64.Build.0 = Debug|x64
		{9FE6A1F7-9EB1-42D4-9FEA-15482326A198}.Debug|x86.ActiveCfg = Debug|Win32
		{9FE6A1F7-9EB1-42D4-9FEA-15482326A198}.Debug|x86.Build.0 = Debug|Win32
		{9FE6A1F7-9EB1-42D4-9FEA-15482326A198}.Release|x64.ActiveCfg = Release|x64
		{9FE6A1F7-9EB1-42D4-9FEA-15482326A198}.Release|x64.Build.0 = Release|x64
		{9FE6A1F7-9EB1-42D4-9FEA-15482326A198}.Release|x86.ActiveCfg = Release|Win32
		{9FE6A1F7-9EB1-42D4-9FEA-15482326A198}.Release|x86.Build.0 = Release|Win32
		{AE10FF52-AE7C-4589-9252-8DCFC3E35456}.Debug|x64.ActiveCfg = Debug|x64
		{AE10FF52-AE7C-4589-9252-8DCFC3E35456}.Debug|x64.Build.0 = Debug|x64
		{AE10FF52-AE7C-4589-9252-8DCFC3E35456}.Debug|x86.ActiveCfg = Debug|Win32
		{AE10FF52-AE7C-4589-9252-8DCFC3E35456}.Debug|x86.Build.0 = Debug|Win32
		{AE10FF52-AE7C-4589-9252-8DCFC3E35456}.Release|x64.ActiveCfg = Release|x64
		{AE10FF52-AE7C-4589-9252-8DCFC3E35456}.Release|x64.Build.0 = Release|x64
		{AE10FF52-AE7C-4589-9252-8DCFC3E35456}.Release|x86.ActiveCfg = Release|Win32
		{AE10FF52-AE7C-4589-9252-8DCFC3E35456}.Release|x86.Build.0 = Release|Win32
		{95283A0B-A633-42CC-A09C-8543DEFFD2C3}.Debug|x64.ActiveCfg = Debug|x64
		{95283A0B-A633-42CC-A09C-8543DEFFD2C3}.Debug|x64.Build.0 = Debug|x64
		{95283A0B-A633-42CC-A09C-8543DEFFD2C3}.Debug|x86.ActiveCfg = Debug|Win32
		{95283A0B-A633-42CC-A09C-8543DEFFD2C3}.Debug|x86.Build.0 = Debug|Win32
		{95283A0B-A633-42CC-A09C-8543DEFFD2C3}.Release|x64.ActiveCfg = Release|x64
		{95283A0B-A633-42CC-A09C-8543DEFFD2C3}.Release|x64.Build.0 = Release|x64
		{95283A0B-A633-42CC-A09C-8543DEFFD2C3}.Release|x86.ActiveCfg = Release|Win32
		{95283A0B-A633-42CC-A09C-8543DEFFD2C3}.Release|x86.Build.0 = Release|Win32
		{AC5171A6-F4D5-46CF-AC57-93E3C050774E}.Debug|x64.ActiveCfg = Debug|x64
		{AC5171A6-F4D5-46CF-AC57-93E3C050774E}.Debug|x64.Build.0 = Debug|x64
		{AC5171A6-F4D5-46CF-AC57-93E3C050774E}.Debug|x86.ActiveCfg = Debug|Win32
		{AC5171A6-F4D5-46CF-AC57-93E3C050774E}.Debug|x86.Build.0 = Debug|Win32
		{AC5171A6-F4D5-46CF-AC57-93E3C050774E}.Release|x64.ActiveCfg = Release|x64
		{AC5171A6-F4D5-46CF-AC57-93E3C050774E}.Release|x64.Build.0 = Release|x64
		{AC5171A6-F4D5-46CF-AC57-93E3C050774E}.Release|x86.ActiveCfg = Release|Win32
		{AC5171A6-F4D5-46CF-AC57-93E3C050774E}.Release|x86.Build.0 = Release|Win32
		{E88A9158-4427-4505-86E1-95932BBE5907}.Debug|x64.ActiveCfg = Debug|x64
		{E88A9158-4427-4505-86E1-95932BBE5907}.Debug|x64.Build.0 = Debug|x64
		{E88A9158-4427-4505-86E1-95932BBE5907}.Debug|x86.ActiveCfg = Debug|Win32
		{E88A9158-4427-4505-86E1-95932BBE5907}.Debug|x86.Build.0 = Debug|Win32
		{E88A9158-4427-4505-86E1-95932BBE5907}.Release|x64.ActiveCfg = Release|x64
		{E88A9158-4427-4505-86E1-95932BBE5907}.Release|x64.Build.0 = Release|x64
		{E88A9158-4427-4505-86E1-95932BBE5907}.Release|x86.ActiveCfg = Release|Win32
		{E88A9158-4427-4505-86E1-95932BBE5907}.Release|x86.Build.0 = Release|Win32
		{6F561225-94E8-4C26-B3CF-DA6A8D9AA75A}.Debug|x64.ActiveCfg = Debug|x64
		{6F561225-94E8-4C26-B3CF-DA6A8D9AA75A}.Debug|x64.Build.0 = Debug|x64
		{6F561225-94E8-4C26-B3CF-DA6A8D9AA75A}.Debug|x86.ActiveCfg = Debug|Win32
		{6F561225-94E8-4C26-B3CF-DA6A8D9AA75A}.Debug|x86.Build.0 = Debug|Win32
		{6F561225-94E8-4C26-B3CF-DA6A8D9AA75A}.Release|x64.ActiveCfg = Release|x64
		{6F561225-94E8-4C26-B3CF-DA6A8D9AA75A}.Release|x64.Build.0 = Release|x64
		{6F561225-94E8-4C26-B3CF-DA6A8D9AA75A}.Release|x86.ActiveCfg = Release|Win32
		{6F561225-94E8-4C26-B3CF-DA6A8D9AA75A}.Release|x86.Build.0 = Release|Win32
		{02AAA7DA-B994-4A4E-AA21-4948CE023D2C}.Debug|x64.ActiveCfg = Debug|x64
		{02AAA7DA-B994-4A4E-AA21-4948CE023D2C}.Debug|x64.Build.0 = Debug|x64
		{02AAA7DA-B994-4A4E-AA21-4948CE023D2C}.Debug|x86.ActiveCfg = Debug|Win32
		{02AAA7DA-B994-4A4E-AA21-4948CE023D2C}.Debug|x86.Build.0 = Debug|Win32
		{02AAA7DA-B994-4A4E-AA21-4948CE023D2C}.Release|x64.ActiveCfg = Release|x64
		{02AAA7DA-B994-4A4E-AA21-4948CE023D2C}.Release|x64.Build.0 = Release|x64
		{02AAA7DA-B994-4A4E-AA21-4948CE023D2C}.Release|x86.ActiveCfg = Release|Win32
		{02AAA7DA-B994-4A4E-AA21-4948CE023D2C}.Release|x86.Build.0 = Release|Win32
		{DDF18747-E6DA-48F0-9DDE-A00902E09014}.Debug|x64.ActiveCfg = Debug|x64
		{DDF18747-E6DA-48F0-9DDE-A00902E09014}.Debug|x64.Build.0 = Debug|x64
		{DDF18747-E6DA-48F0-9DDE-A00902E09014}.Debug|x86.ActiveCfg = Debug|Win32
		{DDF18747-E6DA-48F0-9DDE-A00902E09014}.Debug|x86.Build.0 = Debug|Win32
		{DDF18747-E6DA-48F0-9DDE-A00902E09014}.Release|x64.ActiveCfg = Release|x64
		{DDF18747-E6DA-48F0-9DDE-A00902E09014}.Release|x64.Build.0 = Release|x64
		{DDF18747-E6DA-48F0-9DDE-A00902E09014}.Release|x86.ActiveCfg = Release|Win32
		{DDF18747-E6DA-48F0-9DDE-A00902E09014}.Release|x86.Build.0 = Release|Win32
		{D156C413-DFE8-4349-8A78-281779C6DC01}.Debug|x64.ActiveCfg = Debug|x64
		{D156C413-DFE8-4349-8A78-281779C6DC01}.Debug|x64.Build.0 = Debug|x64
		{D156C413-DFE8-4349-8A78-281779C6DC01}.Debug|x86.ActiveCfg = Debug|Win32
		{D156C413-DFE8-4349-8A78-281779C6DC01}.Debug|x86.Build.0 = Debug|Win32
		{D156C413-DFE8-4349-8A78-281779C6DC01}.Release|x64.ActiveCfg = Release|x64
		{D156C413-DFE8-4349-8A78-281779C6DC01}.Release|x64.Build.0 = Release|x64
		{D156C413-DFE8-4349-8A78-281779C6DC01}.Release|x86.ActiveCfg = Release|Win32
		{D156C413-DFE8-4349-8A78-281779C6DC01}.Release|x86.Build.0 = Release|Win32
		{9C82721C-8B39-45B0-8E79-70873EB861AC}.Debug|x64.ActiveCfg = Debug|x64
		{9C82721C-8B39-45B0-8E79-70873EB861AC}.Debug|x64.Build.0 = Debug|x64
		{9C82721C-8B39-45B0-8E79-70873EB861AC}.Debug|x86.ActiveCfg = Debug|Win32
		{9C82721C-8B39-45B0-8E79-70873EB861AC}.Debug|x86.Build.0 = Debug|Win32
		{9C82721C-8B39-45B0-8E79-70873EB861AC}.Release|x64.ActiveCfg = Release|x64
		{9C82721C-8B39-45B0-8E79-70873EB861AC}.Release|x64.Build.0 = Release|x64
		{9C82721C-8B39-45B0-8E79-70873EB861AC}.Release|x86.ActiveCfg = Release|Win32
		{9C82721C-8B39-45B0-8E79-70873EB861AC}.Release|x86.Build.0 = Release|Win32
		{25D3A156-4259-4D72-9827-1A902C9E4D4B}.Debug|x64.ActiveCfg = Debug|x64
		{25D3A156-4259-4D72-9827-1A902C9E4D4B}.Debug|x64.Build.0 = Debug|x64
		{25D3A156-4259-4D72-9827-1A902C9E4D4B}.Debug|x86.ActiveCfg = Debug|Win32
		{25D3A156-4259-4D72-9827-1A902C9E4D4B}.Debug|x86.Build.0 = Debug|Win32
		{25D3A156-4259-4D72-9827-1A902C9E4D4B}.Release|x64.ActiveCfg = Release|x64
		{25D3A156-4259-4D72-9827-1A902C9E4D4B}.Release|x64.Build.0 = Release|x64
		{25D3A156-4259-4D72-9827-1A902C9E4D4B}.Release|x86.ActiveCfg = Release|Win32
		{25D3A156-4259-4D72-9827-1A902C9E4D4B}.Release|x86.Build.0 = Release|Win32
		{19E1F426-540C-4108-9D53-2A988798A349}.Debug|x64.ActiveCfg = Debug|x64
		{19E1F426-540C-4108-9D53-2A988798A349}.Debug|x64.Build.0 = Debug|x64
		{19E1F426-540C-4108-9D53-2A988798A349}.Debug|x86.ActiveCfg = Debug|Win32
		{19E1F426-540C-4108-9D53-2A988798A349}.Debug|x86.Build.0 = Debug|Win32
		{19E1F426-540C-4108-9D53-2A988798A349}.Release|x64.ActiveCfg = Release|x64
		{19E1F426-540C-4108-9D53-2A988798A349}.Release|x64.Build.0 = Release|x64
		{19E1F426-540C-4108-9D53-2A988798A349}.Release|x86.ActiveCfg = Release|Win32
		{19E1F426-540C-4108-9D53-2A988798A349}.Release|x86.Build.0 = Release|Win32
		{E45CBBCC-53F8-4669-BE27-138F31133C69}.Debug|x64.ActiveCfg = Debug|x64
		{E45CBBCC-53F8-4669-BE27-138F31133C69}.Debug|x64.Build.0 = Debug|x64
		{E45CBBCC-53F8-4669-BE27-138F31133C69}.Debug|x86.ActiveCfg = Debug|Win32
		{E45CBBCC-53F8-4669-BE27-138F31133C69}.Debug|x86.Build.0 = Debug|Win32
		{E45CBBCC-53F8-4669-BE27-138F31133C69}.Release|x64.ActiveCfg = Release|x64
		{E45CBBCC-53F8-4669-BE27-138F31133C69}.Release|x64.Build.0 = Release|x64
		{E45CBBCC-53F8-4669-BE27-138F31133C69}.Release|x86.ActiveCfg = Release|Win32
		{E45CBBCC-53F8-4669-BE27-138F31133C69}.Release|x86.Build.0 = Release|Win32
		{09B9275C-1D8A-4BCF-95F3-91751C23F1E8}.Debug|x64.ActiveCfg = Debug|x64
		{09B9275C-1D8A-4BCF-95F3-91751C23F1E8}.Debug|x64.Build.0 = Debug|x64
		{09B9275C-1D8A-4BCF-95F3-91751C23F1E8}.Debug|x86.ActiveCfg = Debug|Win32
		{09B9275C-1D8A-4BCF-95F3-91751C23F1E8}.Debug|x86.Build.0 = Debug|Win32
		{09B9275C-1D8A-4BCF-95F3-91751C23F1E8}.Release|x64.ActiveCfg = Release|x64
		{09B9275C-1D8A-4BCF-95F3-91751C23F1E8}.Release|x64.Build.0 = Release|x64
		{09B9275C-1D8A-4BCF-95F3-91751C23F1E8}.Release|x86.ActiveCfg = Release|Win32
		{09B9275C-1D8A-4BCF-95F3-91751C23F1E8}.Release|x86.Build.0 = Release|Win32
		{91FA687B-A266-446E-A399-DC9C206FB019}.Debug|x64.ActiveCfg = Debug|x64
		{91FA687B-A266-446E-A399-DC9C206FB019}.Debug|x64.Build.0 = Debug|x64
		{91FA687B-A266-446E-A399-DC9C206FB019}.Debug|x86.ActiveCfg = Debug|Win32
		{91FA687B-A266-446E-A399-DC9C206FB019}.Debug|x86.Build.0 = Debug|Win32
		{91FA687B-A266-446E-A399-DC9C206FB019}.Release|x64.ActiveCfg = Release|x64
		{91FA687B-A266-446E-A399-DC9C206FB019}.Release|x64.Build.0 = Release|x64
		{91FA687B-A266-446E-A399-DC9C206FB019}.Release|x86.ActiveCfg = Release|Win32
		{91FA687B-A266-446E-A399-DC9C206FB019}.Release|x86.Build.0 = Release|Win32
		{96FAE199-469A-469A-AE7D-A6E4AA888575}.Debug|x64.ActiveCfg = Debug|x64
		{96FAE199-469A-469A-AE7D-A6E4AA888575}.Debug|x64.Build.0 = Debug|x64
		{96FAE199-469A-469A-AE7D-A6E4AA888575}.Debug|x86.ActiveCfg = Debug|Win32
		{96FAE199-469A-469A-AE7D-A6E4AA888575}.Debug|x86.Build.0 = Debug|Win32
		{96FAE199-469A-469A-AE7D-A6E4AA888575}.Release|x64.ActiveCfg = Release|x64
		{96FAE199-469A-469A-AE7D-A6E4AA888575}.Release|x64.Build.0 = Release|x64
		{96FAE199-469A-469A-AE7D-A6E4AA888575}.Release|x86.ActiveCfg = Release|Win32
		{96FAE199-469A-469A-AE7D-A6E4AA888575}.Release|x86.Build.0 = Release|Win32
		{A8A19FF5-0D5E-48CF-95C6-7D1A7616BD68}.Debug|x64.ActiveCfg = Debug|x64
		{A8A19FF5-0D5E-48CF-95C6-7D1A7616BD68}.Debug|x64.Build.0 = Debug|x64
		{A8A19FF5-0D5E-48CF-95C6-7D1A7616BD68}.Debug|x86.ActiveCfg = Debug|Win32
		{A8A19FF5-0D5E-48CF-95C6-7D1A7616BD68}.Debug|x86.Build.0 = Debug|Win32
		{A8A19FF5-0D5E-48CF-95C6-7D1A7616BD68}.Release|x64.ActiveCfg = Release|x64
		{A8A19FF5-0D5E-48CF-95C6-7D1A7616BD68}.Release|x64.Build.0 = Release|x64
		{A8A19FF5-0D5E-48CF-95C6-7D1A7616BD68}.Release|x86.ActiveCfg = Release|Win32
		{A8A19FF5-0D5E-48CF-95C6-7D1A7616BD68}.Release|x86.Build.0 = Release|Win32
		{99294212-B0AA-409F-A3E6-CE8A394DD673}.Debug|x64.ActiveCfg = Debug|x64
		{99294212-B0AA-409F-A3E6-CE8A394DD673}.Debug|x64.Build.0 = Debug|x64
		{99294212-B0AA-409F-A3E6-CE8A394DD673}.Debug|x86.ActiveCfg = Debug|Win32
		{99294212-B0AA-409F-A3E6-CE8A394DD673}.Debug|x86.Build.0 = Debug|Win32
		{99294212-B0AA-409F-A3E6-CE8A394DD673}.Release|x64.ActiveCfg = Release|x64
		{99294212-B0AA-409F-A3E6-CE8A394DD673}.Release|x64.Build.0 = Release|x64
		{99294212-B0AA-409F-A3E6-CE8A394DD673}.Release|x86.ActiveCfg = Release|Win32
		{99294212-B0AA-409F-A3E6-CE8A394DD673}.Release|x86.Build.0 = Release|Win32
		{0075A460-E7D8-4C4A-BB98-569410E26AA6}.Debug|x64.ActiveCfg = Debug|x64
		{0075A460-E7D8-4C4A-BB98-569410E26AA6}.Debug|x64.Build.0 = Debug|x64
		{0075A460-E7D8-4C4A-BB98-569410E26AA6}.Debug|x86.ActiveCfg = Debug|Win32
		{0075A460-E7D8-4C4A-BB98-569410E26AA6}.Debug|x86.Build.0 = Debug|Win32
		{0075A460-E7D8-4C4A-BB98-569410E26AA6}.Release|x64.ActiveCfg = Release|x64
		{0075A460-E7D8-4C4A-BB98-569410E26AA6}.Release|x64.Build.0 = Release|x64
		{0075A460-E7D8-4C4A-BB98-569410E26AA6}.Release|x86.ActiveCfg = Release|Win32
		{0075A460-E7D8-4C4A-BB98-569410E26AA6}.Release|x86.Build.0 = Release|Win32
		{82D7C9B4-E0A2-478C-8F33-83ECAEF71A43}.Debug|x64.ActiveCfg = Debug|x64
		{82D7C9B4-E0A2-478C-8F33-83ECAEF71A43}.Debug|x64.Build.0 = Debug|x64
		{82D7C9B4-E0A2-478C-8F33-83ECAEF71A43}.Debug|x86.ActiveCfg = Debug|Win32
		{82D7C9B4-E0A2-478C-8F33-83ECAEF71A43}.Debug|x86.Build.0 = Debug|Win32
		{82D7C9B4-E0A2-478C-8F33-83ECAEF71A43}.Release|x64.ActiveCfg = Release|x64
		{82D7C9B4-E0A2-478C-8F33-83ECAEF71A43}.Release|x64.Build.0 = Release|x64
		{82D7C9B4-E0A2-478C-8F33-83ECAEF71A43}.Release|x86.ActiveCfg = Release|Win32
		{82D7C9B4-E0A2-478C-8F33-83ECAEF71A43}.Release|x86.Build.0 = Release|Win32
		{A2EE3909-844A-4A73-B99A-03EF4B85A7E0}.Debug|x64.ActiveCfg = Debug|x64
		{A2EE3909-844A-4A73-B99A-03EF4B85A7E0}.Debug|x64.Build.0 = Debug|x64
		{A2EE3909-844A-4A73-B99A-03EF4B85A7E0}.Debug|x86.ActiveCfg = Debug|Win32
		{A2EE3909-844A-4A73-B99A-03EF4B85A7E0}.Debug|x86.Build.0 = Debug|Win32
		{A2EE3909-844A-4A73-B99A-03EF4B85A7E0}.Release|x64.ActiveCfg = Release|x64
		{A2EE3909-844A-4A73-B99A-03EF4B85A7E0}.Release|x64.Build.0 = Release|x64
		{A2EE3909-844A-4A73-B99A-03EF4B85A7E0}.Release|x86.ActiveCfg = Release|Win32
		{A2EE3909-844A-4A73-B99A-03EF4B85A7E0}.Release|x86.Build.0 = Release|Win32
		{DBC498D2-E1F7-443A-A14C-0C885E52AEB9}.Debug|x64.ActiveCfg = Debug|x64
		{DBC498D2-E1F7-443A-A14C-0C885E52AEB9}.Debug|x64.Build.0 = Debug|x64
		{DBC498D2-E1F7-443A-A14C-0C885E52AEB9}.Debug|x86.ActiveCfg = Debug|Win32
		{DBC498D2-E1F7-443A-A14C-0C885E52AEB9}.Debug|x86.Build.0 = Debug|Win32
		{DBC498D2-E1F7-443A-A14C-0C885E52AEB9}.Release|x64.ActiveCfg = Release|x64
		{DBC498D2-E1F7-443A-A14C-0C885E52AEB9}.Release|x64.Build.0 = Release|x64
		{DBC498D2-E1F7-443A-A14C-0C885E52AEB9}.Release|x86.ActiveCfg = Release|Win32
		{DBC498D2-E1F7-443A-A14C-0C885E52AEB9}.Release|x86.Build.0 = Release|Win32
		{F5E699B5-2182-4E00-95F4-F19BE254F4B2}.Debug|x64.ActiveCfg = Debug|x64
		{F5E699B5-2182-4E00-95F4-F19BE254F4B2}.Debug|x64.Build.0 = Debug|x64
		{F5E699B5-2182-4E00-95F4-F19BE254F4B2}.Debug|x86.ActiveCfg = Debug|Win32
		{F5E699B5-2182-4E00-95F4-F19BE254F4B2}.Debug|x86.Build.0 = Debug|Win32
		{F5E699B5-2182-4E00-95F4-F19BE254F4B2}.Release|x64.ActiveCfg = Release|x64
		{F5E699B5-2182-4E00-95F4-F19BE254F4B2}.Release|x64.Build.0 = Release|x64
		{F5E699B5-2182-4E00-95F4-F19BE254F4B2}.Release|x86.ActiveCfg = Release|Win32
		{F5E699B5-2182-4E00-95F4-F19BE254F4B2}.Release|x86.Build.0 = Release|Win32
		{D260B24D-3DC8-4A19-89FC-B84F701AB91F}.Debug|x64.ActiveCfg = Debug|x64
		{D260B24D-3DC8-4A19-89FC-B84F701AB91F}.Debug|x64.Build.0 = Debug|x64
		{D260B24D-3DC8-4A19-89FC-B84F701AB91F}.Debug|x86.ActiveCfg = Debug|Win32
		{D260B24D-3DC8-4A19-89FC-B84F701AB91F}.Debug|x86.Build.0 = Debug|Win32
		{D260B24D-3DC8-4A19-89FC-B84F701AB91F}.Release|x64.ActiveCfg = Release|x64
		{D260B24D-3DC8-4A19-89FC-B84F701AB91F}.Release|x64.Build.0 = Release|x64
		{D260B24D-3DC8-4A19-89FC-B84F701AB91F}.Release|x86.ActiveCfg = Release|Win32
		{D260B24D-3DC8-4A19-89FC-B84F701AB91F}.Release|x86.Build.0 = Release|Win32
		{6A4EBA53-2ABB-475F-8225-011B03DB35EB}.Debug|x64.ActiveCfg = Debug|x64
		{6A4EBA53-2ABB-475F-8225-011B03DB35EB}.Debug|x64.Build.0 = Debug|x64
		{6A4EBA53-2ABB-475F-8225-011B03DB35EB}.Debug|x86.ActiveCfg = Debug|Win32
		{6A4EBA53-2ABB-475F-8225-011B03DB35EB}.Debug|x86.Build.0 = Debug|Win32
		{6A4EBA53-2ABB-475F-8225-011B03DB35EB}.Release|x64.ActiveCfg = Release|x64
		{6A4EBA53-2ABB-475F-8225-011B03DB35EB}.Release|x64.Build.0 = Release|x64
		{6A4EBA53-2ABB-475F-8225-011B03DB35EB}.Release|x86.ActiveCfg = Release|Win32
		{6A4EBA53-2ABB-475F-8225-011B03DB35EB}.Release|x86.Build.0 = Release|Win32
		{E27073D4-BEB7-4C5B-8E03-952B3FD3373E}.Debug|x64.ActiveCfg = Debug|x64
		{E27073D4-BEB7-4C5B-8E03-952B3FD3373E}.Debug|x64.Build.0 = Debug|x64
		{E27073D4-BEB7-4C5B-8E03-952B3FD3373E}.Debug|x86.ActiveCfg = Debug|Win32
		{E27073D4-BEB7-4C5B-8E03-952B3FD3373E}.Debug|x86.Build.0 = Debug|Win32
		{E27073D4-BEB7-4C5B-8E03-952B3FD3373E}.Release|x64.ActiveCfg = Release|x64
		{E27073D4-BEB7-4C5B-8E03-952B3FD3373E}.Release|x64.Build.0 = Release|x64
		{E27073D4-BEB7-4C5B-8E03-952B3FD3373E}.Release|x86.ActiveCfg = Release|Win32
		{E27073D4-BEB7-4C5B-8E03-952B3FD3373E}.Release|x86.Build.0 = Release|Win32
		{E04E8544-E6BF-4FE6-B024-FB6C4D1D5EEA}.Debug|x64.ActiveCfg = Debug|x64
		{E04E8544-E6BF-4FE6-B024-FB6C4D1D5EEA}.Debug|x64.Build.0 = Debug|x64
		{E04E8544-E6BF-4FE6-B024-FB6C4D1D5EEA}.Debug|x86.ActiveCfg = Debug|Win32
		{E04E8544-E6BF-4FE6-B024-FB6C4D1D5EEA}.Debug|x86.Build.0 = Debug|Win32
		{E04E8544-E6BF-4FE6-B024-FB6C4D1D5EEA}.Release|x64.ActiveCfg = Release|x64
		{E04E8544-E6BF-4FE6-B024-FB6C4D1D5EEA}.Release|x64.Build.0 = Release|x64
		{E04E8544-E6BF-4FE6-B024-FB6C4D1D5EEA}.Release|x86.ActiveCfg = Release|Win32
		{E04E8544-E6BF-4FE6-B024-FB6C4D1D5EEA}.Release|x86.Build.0 = Release|Win32
		{59395F1D-481D-4EC6-AD78-852D533829D2}.Debug|x64.ActiveCfg = Debug|x64
		{59395F1D-481D-4EC6-AD78-852D533829D2}.Debug|x64.Build.0 = Debug|x64
		{59395F1D-481D-4EC6-AD78-852D533829D2}.Debug|x86.ActiveCfg = Debug|Win32
		{59395F1D-481D-4EC6-AD78-852D533829D2}.Debug|x86.Build.0 = Debug|Win32
		{59395F1D-481D-4EC6-AD78-852D533829D2}.Release|x64.ActiveCfg = Release|x64
		{59395F1D-481D-4EC6-AD78-852D533829D2}.Release|x64.Build.0 = Release|x64
		{59395F1D-481D-4EC6-AD78-852D533829D2}.Release|x86.ActiveCfg = Release|Win32
		{59395F1D-481D-4EC6-AD78-852D533829D2}.Release|x86.Build.0 = Release|Win32
		{3952BA16-4F51-4598-8EC4-3A1392612FA5}.Debug|x64.ActiveCfg = Debug|x64
		{3952BA16-4F51-4598-8EC4-3A1392612FA5}.Debug|x64.Build.0 = Debug|x64
		{3952BA16-4F51-4598-8EC4-3A1392612FA5}.Debug|x86.ActiveCfg = Debug|Win32
		{3952BA16-4F51-4598-8EC4-3A1392612FA5}.Debug|x86.Build.0 = Debug|Win32
		{3952BA16-4F51-4598-8EC4-3A1392612FA5}.Release|x64.ActiveCfg = Release|x64
		{3952BA16-4F51-4598-8EC4-3A1392612FA5}.Release|x64.Build.0 = Release|x64
		{3952BA16-4F51-4598-8EC4-3A1392612FA5}.Release|x86.ActiveCfg = Release|Win32
		{3952BA16-4F51-4598-8EC4-3A1392612FA5}.Release|x86.Build.0 = Release|Win32
		{98128BC3-8FDB-4258-A0F9-F5BBDF89DD6D}.Debug|x64.ActiveCfg = Debug|x64
		{98128BC3-8FDB-4258-A0F9-F5BBDF89DD6D}.Debug|x64.Build.0 = Debug|x64
		{98128BC3-8FDB-4258-A0F9-F5BBDF89DD6D}.Debug|x86.ActiveCfg = Debug|Win32
		{98128BC3-8FDB-4258-A0F9-F5BBDF89DD6D}.Debug|x86.Build.0 = Debug|Win32
		{98128BC3-8FDB-4258-A0F9-F5BBDF89DD6D}.Release|x64.ActiveCfg = Release|x64
		{98128BC3-8FDB-4258-A0F9-F5BBDF89DD6D}.Release|x64.Build.0 = Release|x64
		{98128BC3-8FDB-4258-A0F9-F5BBDF89DD6D}.Release|x86.ActiveCfg = Release|Win32
		{98128BC3-8FDB-4258-A0F9-F5BBDF89DD6D}.Release|x86.Build.0 = Release|Win32
		{A34AA1A1-DD84-4490-92E2-2457C1A05615}.Debug|x64.ActiveCfg = Debug|x64
		{A34AA1A1-DD84-4490-92E2-2457C1A05615}.Debug|x64.Build.0 = Debug|x64
		{A34AA1A1-DD84-4490-92E2-2457C1A05615}.Debug|x86.ActiveCfg = Debug|Win32
		{A34AA1A1-DD84-4490-92E2-2457C1A05615}.Debug|x86.Build.0 = Debug|Win32
		{A34AA1A1-DD84-4490-92E2-2457C1A05615}.Release|x64.ActiveCfg = Release|x64
		{A34AA1A1-DD84-4490-92E2-2457C1A05615}.Release|x64.Build.0 = Release|x64
		{A34AA1A1-DD84-4490-92E2-2457C1A05615}.Release|x86.ActiveCfg = Release|Win32
		{A34AA1A1-DD84-4490-92E2-2457C1A05615}.Release|x86.Build.0 = Release|Win32
		{E36D26B0-EBEF-43C8-81E7-42F651EB78AA}.Debug|x64.ActiveCfg = Debug|x64
		{E36D26B0-EBEF-43C8-81E7-42F651EB78AA}.Debug|x64.Build.0 = Debug|x64
		{E36D26B0-EBEF-43C8-81E7-42F651EB78AA}.Debug|x86.ActiveCfg = Debug|Win32
		{E36D26B0-EBEF-43C8-81E7-42F651EB78AA}.Debug|x86.Build.0 = Debug|Win32
		{E36D26B0-EBEF-43C8-81E7-42F651EB78AA}.Release|x64.ActiveCfg = Release|x64
		{E36D26B0-EBEF-43C8-81E7-42F651EB78AA}.Release|x64.Build.0 = Release|x64
		{E36D26B0-EBEF-43C8-81E7-42F651EB78AA}.Release|x86.ActiveCfg = Release|Win32
		{E36D26B0-EBEF-43C8-81E7-42F651EB78AA}.Release|x86.Build.0 = Release|Win32
		{CF1E0FB2-02CD-42D3-95FA-E0FBC94E2052}.Debug|x64.ActiveCfg = Debug|x64
		{CF1E0FB2-02CD-42D3-95FA-E0FBC94E2052}.Debug|x64.Build.0 = Debug|x64
		{CF1E0FB2-02CD-42D3-95FA-E0FBC94E2052}.Debug|x86.ActiveCfg = Debug|Win32
		{CF1E0FB2-02CD-42D3-95FA-E0FBC94E2052}.Debug|x86.Build.0 = Debug|Win32
		{CF1E0FB2-02CD-42D3-95FA-E0FBC94E2052}.Release|x64.ActiveCfg = Release|x64
		{CF1E0FB2-02CD-42D3-95FA-E0FBC94E2052}.Release|x64.Build.0 = Release|x64
		{CF1E0FB2-02CD-42D3-95FA-E0FBC94E2052}.Release|x86.ActiveCfg = Release|Win32
		{CF1E0FB2-02CD-42D3-95FA-E0FBC94E2052}.Release|x86.Build.0 = Release|Win32
		{AEFC80E8-364A-486B-9C2D-336DA18D258A}.Debug|x64.ActiveCfg = Debug|x64
		{AEFC80E8-364A-486B-9C2D-336DA18D258A}.Debug|x64.Build.0 = Debug|x64
		{AEFC80E8-364A-486B-9C2D-336DA18D258A}.Debug|x86.ActiveCfg = Debug|Win32
		{AEFC80E8-364A-486B-9C2D-336DA18D258A}.Debug|x86.Build.0 = Debug|Win32
		{AEFC80E8-364A-486B-9C2D-336DA18D258A}.Release|x64.ActiveCfg = Release|x64
		{AEFC80E8-364A-486B-9C2D-336DA18D258A}.Release|x64.Build.0 = Release|x64
		{AEFC80E8-364A-486B-9C2D-336DA18D258A}.Release|x86.ActiveCfg = Release|Win32
		{AEFC80E8-364A-486B-9C2D-336DA18D258A}.Release|x86.Build.0 = Release|Win32
		{64A86B58-FC52-4E8F-BD45-0B7FB67A315A}.Debug|x64.ActiveCfg = Debug|x64
		{64A86B58-FC52-4E8F-BD45-0B7FB67A315A}.Debug|x64.Build.0 = Debug|x64
		{64A86B58-FC52-4E8F-BD45-0B7FB67A315A}.Debug|x86.ActiveCfg = Debug|Win32
		{64A86B58-FC52-4E8F-BD45-0B7FB67A315A}.Debug|x86.Build.0 = Debug|Win32
		{64A86B58-FC52-4E8F-BD45-0B7FB67A315A}.Release|x64.ActiveCfg = Release|x64
		{64A86B58-FC52-4E8F-BD45-0B7FB67A315A}.Release|x64.Build.0 = Release|x64
		{64A86B58-FC52-4E8F-BD45-0B7FB67A315A}.Release|x86.ActiveCfg = Release|Win32
		{64A86B58-FC52-4E8F-BD45-0B7FB67A315A}.Release|x86.Build.0 = Release|Win32
		{44F6167B-33AE-4842-A41A-81A1C190DF72}.Debug|x64.ActiveCfg = Debug|x64
		{44F6167B-33AE-4842-A41A-81A1C190DF72}.Debug|x64.Build.0 = Debug|x64
		{44F6167B-33AE-4842-A41A-81A1C190DF72}.Debug|x86.ActiveCfg = Debug|Win32
		{44F6167B-33AE-4842-A41A-81A1C190DF72}.Debug|x86.Build.0 = Debug|Win32
		{44F6167B-33AE-4842-A41A-81A1C190DF72}.Release|x64.ActiveCfg = Release|x64
		{44F6167B-33AE-4842-A41A-81A1C190DF72}.Release|x64.Build.0 = Release|x64
		{44F6167B-33AE-4842-A41A-81A1C190DF72}.Release|x86.ActiveCfg = Release|Win32
		{44F6167B-33AE-4842-A41A-81A1C190DF72}.Release|x86.Build.0 = Release|Win32
		{8B2E78C0-A4D5-4B34-A5DB-81A681CFB89E}.Debug|x64.ActiveCfg = Debug|x64
		{8B2E78C0-A4D5-4B34-A5DB-81A681CFB89E}.Debug|x64.Build.0 = Debug|x64
		{8B2E78C0-A4D5-4B34-A5DB-81A681CFB89E}.Debug|x86.ActiveCfg = Debug|Win32
		{8B2E78C0-A4D5-4B34-A5DB-81A681CFB89E}.Debug|x86.Build.0 = Debug|Win32
		{8B2E78C0-A4D5-4B34-A5DB-81A681CFB89E}.Release|x64.ActiveCfg = Release|x64
		{8B2E78C0-A4D5-4B34-A5DB-81A681CFB89E}.Release|x64.Build.0 = Release|x64
		{8B2E78C0-A4D5-4B34-A5DB-81A681CFB89E}.Release|x86.ActiveCfg = Release|Win32
		{8B2E78C0-A4D5-4B34-A5DB-81A681CFB89E}.Release|x86.Build.0 = Release|Win32
		{67837AD2-F28A-4047-9BB0-FB6E7161B43A}.Debug|x64.ActiveCfg = Debug|x64
		{67837AD2-F28A-4047-9BB0-FB6E7161B43A}.Debug|x64.Build.0 = Debug|x64
		{67837AD2-F28A-4047-9BB0-FB6E7161B43A}.Debug|x86.ActiveCfg = Debug|Win32
		{67837AD2-F28A-4047-9BB0-FB6E7161B43A}.Debug|x86.Build.0 = Debug|Win32
		{67837AD2-F28A-4047-9BB0-FB6E7161B43A}.Release|x64.ActiveCfg = Release|x64
		{67837AD2-F28A-4047-9BB0-FB6E7161B43A}.Release|x64.Build.0 = Release|x64
		{67837AD2-F28A-4047-9BB0-FB6E7161B43A}.Release|x86.ActiveCfg = Release|Win32
		{67837AD2-F28A-4047-9BB0-FB6E7161B43A}.Release|x86.Build.0 = Release|Win32
		{4D6DEA3E-D0DA-4B61-9A8F-CDC1B130128E}.Debug|x64.ActiveCfg = Debug|x64
		{4D6DEA3E-D0DA-4B61-9A8F-CDC1B130128E}.Debug|x64.Build.0 = Debug|x64
		{4D6DEA3E-D0DA-4B61-9A8F-CDC1B130128E}.Debug|x86.ActiveCfg = Debug|Win32
		{4D6DEA3E-D0DA-4B61-9A8F-CDC1B130128E}.Debug|x86.Build.0 = Debug|Win32
		{4D6DEA3E-D0DA-4B61-9A8F-CDC1B130128E}.Release|x64.ActiveCfg = Release|x64
		{4D6DEA3E-D0DA-4B61-9A8F-CDC1B130128E}.Release|x64.Build.0 = Release|x64
		{4D6DEA3E-D0DA-4B61-9A8F-CDC1B130128E}.Release|x86.ActiveCfg = Release|Win32
		{4D6DEA3E-D0DA-4B61-9A8F-CDC1B130128E}.Release|x86.Build.0 = Release|Win32
		{D0A4F8A9-01B9-447D-AF74-F896636D2DEC}.Debug|x64.ActiveCfg = Debug|x64
		{D0A4F8A9-01B9-447D-AF74-F896636D2DEC}.Debug|x64.Build.0 = Debug|x64
		{D0A4F8A9-01B9-447D-AF74-F896636D2DEC}.Debug|x86.ActiveCfg = Debug|Win32
		{D0A4F8A9-01B9-447D-AF74-F896636D2DEC}.Debug|x86.Build.0 = Debug|Win32
		{D0A4F8A9-01B9-447D-AF74-F896636D2DEC}.Release|x64.ActiveCfg = Release|x64
		{D0A4F8A9-01B9-447D-AF74-F896636D2DEC}.Release|x64.Build.0 = Release|x64
		{D0A4F8A9-01B9-447D-AF74-F896636D2DEC}.Release|x86.ActiveCfg = Release|Win32
		{D0A4F8A9-01B9-447D-AF74-F896636D2DEC}.Release|x86.Build.0 = Release|Win32
		{3CD9BA2E-4C46-4FCB-8664-2AFDA0971190}.Debug|x64.ActiveCfg = Debug|x64
		{3CD9BA2E-4C46-4FCB-8664-2AFDA0971190}.Debug|x64.Build.0 = Debug|x64
		{3CD9BA2E-4C46-4FCB-8664-2AFDA0971190}.Debug|x86.ActiveCfg = Debug|Win32
		{3CD9BA2E-4C46-4FCB-8664-2AFDA0971190}.Debug|x86.Build.0 = Debug|Win32
		{3CD9BA2E-4C46-4FCB-8664-2AFDA0971190}.Release|x64.ActiveCfg = Release|x64
		{3CD9BA2E-4C46-4FCB-8664-2AFDA0971190}.Release|x64.Build.0 = Release|x64
		{3CD9BA2E-4C46-4FCB-8664-2AFDA0971190}.Release|x86.ActiveCfg = Release|Win32
		{3CD9BA2E-4C46-4FCB-8664-2AFDA0971190}.Release|x86.Build.0 = Release|Win32
		{655EBE37-E190-4B2C-92BA-3ECACC3669BA}.Debug|x64.ActiveCfg = Debug|x64
		{655EBE37-E190-4B2C-92BA-3ECACC3669BA}.Debug|x64.Build.0 = Debug|x64
		{655EBE37-E190-4B2C-92BA-3ECACC3669BA}.Debug|x86.ActiveCfg = Debug|Win32
		{655EBE37-E190-4B2C-92BA-3ECACC3669BA}.Debug|x86.Build.0 = Debug|Win32
		{655EBE37-E190-4B2C-92BA-3ECACC3669BA}.Release|x64.ActiveCfg = Release|x64
		{655EBE37-E190-4B2C-92BA-3ECACC3669BA}.Release|x64.Build.0 = Release|x64
		{655EBE37-E190-4B2C-92BA-3ECACC3669BA}.Release|x86.ActiveCfg = Release|Win32
		{655EBE37-E190-4B2C-92BA-3ECACC3669BA}.Release|x86.Build.0 = Release|Win32
		{BA304727-4E7A-41C7-9582-876CC1C1636E}.Debug|x64.ActiveCfg = Debug|x64
		{BA304727-4E7A-41C7-9582-876CC1C1636E}.Debug|x64.Build.0 = Debug|x64
		{BA304727-4E7A-41C7-9582-876CC1C1636E}.Debug|x86.ActiveCfg = Debug|Win32
		{BA304727-4E7A-41C7-9582-876CC1C1636E}.Debug|x86.Build.0 = Debug|Win32
		{BA304727-4E7A-41C7-9582-876CC1C1636E}.Release|x64.ActiveCfg = Release|x64
		{BA304727-4E7A-41C7-9582-876CC1C1636E}.Release|x64.Build.0 = Release|x64
		{BA304727-4E7A-41C7-9582-876CC1C1636E}.Release|x86.ActiveCfg = Release|Win32
		{BA304727-4E7A-41C7-9582-876CC1C1636E}.Release|x86.Build.0 = Release|Win32
		{8AE160C0-8EE1-47A0-AC6B-2AA8C29E8C12}.Debug|x64.ActiveCfg = Debug|x64
		{8AE160C0-8EE1-47A0-AC6B-2AA8C29E8C12}.Debug|x64.Build.0 = Debug|x64
		{8AE160C0-8EE1-47A0-AC6B-2AA8C29E8C12}.Debug|x86.ActiveCfg = Debug|Win32
		{8AE160C0-8EE1-47A0-AC6B-2AA8C29E8C12}.Debug|x86.Build.0 = Debug|Win32
		{8AE160C0-8EE1-47A0-AC6B-2AA8C29E8C12}.Release|x64.ActiveCfg = Release|x64
		{8AE160C0-8EE1-47A0-AC6B-2AA8C29E8C12}.Release|x64.Build.0 = Release|x64
		{8AE160C0-8EE1-47A0-AC6B-2AA8C29E8C12}.Release|x86.ActiveCfg = Release|Win32
		{8AE160C0-8EE1-47A0-AC6B-2AA8C29E8C12}.Release|x86.Build.0 = Release|Win32
		{FF7ADA32-FC64-436A-BB41-EF2605726415}.Debug|x64.ActiveCfg = Debug|x64
		{FF7ADA32-FC64-436A-BB41-EF2605726415}.Debug|x64.Build.0 = Debug|x64
		{FF7ADA32-FC64-436A-BB41-EF2605726415}.Debug|x86.ActiveCfg = Debug|Win32
		{FF7ADA32-FC64-436A-BB41-EF2605726415}.Debug|x86.Build.0 = Debug|Win32
		{FF7ADA32-FC64-436A-BB41-EF2605726415}.Release|x64.ActiveCfg = Release|x64
		{FF7ADA32-FC64-436A-BB41-EF2605726415}.Release|x64.Build.0 = Release|x64
		{FF7ADA32-FC64-436A-BB41-EF2605726415}.Release|x86.ActiveCfg = Release|Win32
		{FF7ADA32-FC64-436A-BB41-EF2605726415}.Release|x86.Build.0 = Release|Win32
		{A93F8706-7A66-439C-9C37-44B047441FB1}.Debug|x64.ActiveCfg = Debug|x64
		{A93F8706-7A66-439C-9C37-44B047441FB1}.Debug|x64.Build.0 = Debug|x64
		{A93F8706-7A66-439C-9C37-44B047441FB1}.Debug|x86.ActiveCfg = Debug|Win32
		{A93F8706-7A66-439C-9C37-44B047441FB1}.Debug|x86.Build.0 = Debug|Win32
		{A93F8706-7A66-439C-9C37-44B047441FB1}.Release|x64.ActiveCfg = Release|x64
		{A93F8706-7A66-439C-9C37-44B047441FB1}.Release|x64.Build.0 = Release|x64
		{A93F8706-7A66-439C-9C37-44B047441FB1}.Release|x86.ActiveCfg = Release|Win32
		{A93F8706-7A66-439C-9C37-44B047441FB1}.Release|x86.Build.0 = Release|Win32
		{314F99DF-6D3A-4F8C-BAE1-1B46FC8F6C52}.Debug|x64.ActiveCfg = Debug|x64
		{314F99DF-6D3A-4F8C-BAE1-1B46FC8F6C52}.Debug|x64.Build.0 = Debug|x64
		{314F99DF-6D3A-4F8C-BAE1-1B46FC8F6C52}.Debug|x86.ActiveCfg = Debug|Win32
		{314F99DF-6D3A-4F8C-BAE1-1B46FC8F6C52}.Debug|x86.Build.0 = Debug|Win32
		{314F99DF-6D3A-4F8C-BAE1-1B46FC8F6C52}.Release|x64.ActiveCfg = Release|x64
		{314F99DF-6D3A-4F8C-BAE1-1B46FC8F6C52}.Release|x64.Build.0 = Release|x64
		{314F99DF-6D3A-4F8C-BAE1-1B46FC8F6C52}.Release|x86.ActiveCfg = Release|Win32
		{314F99DF-6D3A-4F8C-BAE1-1B46FC8F6C52}.Release|x86.Build.0 = Release|Win32
	EndGlobalSection
	GlobalSection(SolutionProperties) = preSolution
		HideSolutionNode = FALSE
	EndGlobalSection
	GlobalSection(ExtensibilityGlobals) = postSolution
		SolutionGuid = {5232F8AE-2FD0-496E-BF3C-7DC3F14B8C26}
	EndGlobalSection
EndGlobal
